
Microsoft Visual Studio Solution File, Format Version 12.00
# Visual Studio Version 17
VisualStudioVersion = 17.3.32901.215
MinimumVisualStudioVersion = 10.0.40219.1
Project("{8BC9CEB8-8B4A-11D0-8D11-00A0C91BC942}") = "Lab 5-2", "Lab 5-2.vcxproj", "{E9B390D1-9F4B-4AB1-91F0-966048AAB79B}"
EndProject
Global
	GlobalSection(SolutionConfigurationPlatforms) = preSolution
		Debug|x64 = Debug|x64
		Debug|x86 = Debug|x86
		Release|x64 = Release|x64
		Release|x86 = Release|x86
	EndGlobalSection
	GlobalSection(ProjectConfigurationPlatforms) = postSolution
		{E9B390D1-9F4B-4AB1-91F0-966048AAB79B}.Debug|x64.ActiveCfg = Debug|x64
		{E9B390D1-9F4B-4AB1-91F0-966048AAB79B}.Debug|x64.Build.0 = Debug|x64
		{E9B390D1-9F4B-4AB1-91F0-966048AAB79B}.Debug|x86.ActiveCfg = Debug|Win32
		{E9B390D1-9F4B-4AB1-91F0-966048AAB79B}.Debug|x86.Build.0 = Debug|Win32
		{E9B390D1-9F4B-4AB1-91F0-966048AAB79B}.Release|x64.ActiveCfg = Release|x64
		{E9B390D1-9F4B-4AB1-91F0-966048AAB79B}.Release|x64.Build.0 = Release|x64
		{E9B390D1-9F4B-4AB1-91F0-966048AAB79B}.Release|x86.ActiveCfg = Release|Win32
		{E9B390D1-9F4B-4AB1-91F0-966048AAB79B}.Release|x86.Build.0 = Release|Win32
	EndGlobalSection
	GlobalSection(SolutionProperties) = preSolution
		HideSolutionNode = FALSE
	EndGlobalSection
	GlobalSection(ExtensibilityGlobals) = postSolution
		SolutionGuid = {F28820F1-7BD7-4E90-B91D-007BCBFD80F6}
	EndGlobalSection
EndGlobal
